
Microsoft Visual Studio Solution File, Format Version 12.00
# Visual Studio 15
VisualStudioVersion = 15.0.26124.0
MinimumVisualStudioVersion = 15.0.26124.0
Project("{FAE04EC0-301F-11D3-BF4B-00C04F79EFBC}") = "API", "API\API.csproj", "{4F729529-6380-45BC-A5A7-FC5DF7A6E1DA}"
EndProject
Project("{FAE04EC0-301F-11D3-BF4B-00C04F79EFBC}") = "Application", "Application\Application.csproj", "{C350A2CB-4453-42DA-B70D-050420D0BB16}"
EndProject
Project("{FAE04EC0-301F-11D3-BF4B-00C04F79EFBC}") = "Domain", "Domain\Domain.csproj", "{4D7FA6B8-EE16-4762-A66B-33E6121297CF}"
EndProject
Project("{FAE04EC0-301F-11D3-BF4B-00C04F79EFBC}") = "Persistence", "persistence\Persistence.csproj", "{87829350-403C-4953-87E2-DD8F2C018B81}"
EndProject
Global
	GlobalSection(SolutionConfigurationPlatforms) = preSolution
		Debug|Any CPU = Debug|Any CPU
		Debug|x64 = Debug|x64
		Debug|x86 = Debug|x86
		Release|Any CPU = Release|Any CPU
		Release|x64 = Release|x64
		Release|x86 = Release|x86
	EndGlobalSection
	GlobalSection(SolutionProperties) = preSolution
		HideSolutionNode = FALSE
	EndGlobalSection
	GlobalSection(ProjectConfigurationPlatforms) = postSolution
		{4F729529-6380-45BC-A5A7-FC5DF7A6E1DA}.Debug|Any CPU.ActiveCfg = Debug|Any CPU
		{4F729529-6380-45BC-A5A7-FC5DF7A6E1DA}.Debug|Any CPU.Build.0 = Debug|Any CPU
		{4F729529-6380-45BC-A5A7-FC5DF7A6E1DA}.Debug|x64.ActiveCfg = Debug|Any CPU
		{4F729529-6380-45BC-A5A7-FC5DF7A6E1DA}.Debug|x64.Build.0 = Debug|Any CPU
		{4F729529-6380-45BC-A5A7-FC5DF7A6E1DA}.Debug|x86.ActiveCfg = Debug|Any CPU
		{4F729529-6380-45BC-A5A7-FC5DF7A6E1DA}.Debug|x86.Build.0 = Debug|Any CPU
		{4F729529-6380-45BC-A5A7-FC5DF7A6E1DA}.Release|Any CPU.ActiveCfg = Release|Any CPU
		{4F729529-6380-45BC-A5A7-FC5DF7A6E1DA}.Release|Any CPU.Build.0 = Release|Any CPU
		{4F729529-6380-45BC-A5A7-FC5DF7A6E1DA}.Release|x64.ActiveCfg = Release|Any CPU
		{4F729529-6380-45BC-A5A7-FC5DF7A6E1DA}.Release|x64.Build.0 = Release|Any CPU
		{4F729529-6380-45BC-A5A7-FC5DF7A6E1DA}.Release|x86.ActiveCfg = Release|Any CPU
		{4F729529-6380-45BC-A5A7-FC5DF7A6E1DA}.Release|x86.Build.0 = Release|Any CPU
		{C350A2CB-4453-42DA-B70D-050420D0BB16}.Debug|Any CPU.ActiveCfg = Debug|Any CPU
		{C350A2CB-4453-42DA-B70D-050420D0BB16}.Debug|Any CPU.Build.0 = Debug|Any CPU
		{C350A2CB-4453-42DA-B70D-050420D0BB16}.Debug|x64.ActiveCfg = Debug|Any CPU
		{C350A2CB-4453-42DA-B70D-050420D0BB16}.Debug|x64.Build.0 = Debug|Any CPU
		{C350A2CB-4453-42DA-B70D-050420D0BB16}.Debug|x86.ActiveCfg = Debug|Any CPU
		{C350A2CB-4453-42DA-B70D-050420D0BB16}.Debug|x86.Build.0 = Debug|Any CPU
		{C350A2CB-4453-42DA-B70D-050420D0BB16}.Release|Any CPU.ActiveCfg = Release|Any CPU
		{C350A2CB-4453-42DA-B70D-050420D0BB16}.Release|Any CPU.Build.0 = Release|Any CPU
		{C350A2CB-4453-42DA-B70D-050420D0BB16}.Release|x64.ActiveCfg = Release|Any CPU
		{C350A2CB-4453-42DA-B70D-050420D0BB16}.Release|x64.Build.0 = Release|Any CPU
		{C350A2CB-4453-42DA-B70D-050420D0BB16}.Release|x86.ActiveCfg = Release|Any CPU
		{C350A2CB-4453-42DA-B70D-050420D0BB16}.Release|x86.Build.0 = Release|Any CPU
		{4D7FA6B8-EE16-4762-A66B-33E6121297CF}.Debug|Any CPU.ActiveCfg = Debug|Any CPU
		{4D7FA6B8-EE16-4762-A66B-33E6121297CF}.Debug|Any CPU.Build.0 = Debug|Any CPU
		{4D7FA6B8-EE16-4762-A66B-33E6121297CF}.Debug|x64.ActiveCfg = Debug|Any CPU
		{4D7FA6B8-EE16-4762-A66B-33E6121297CF}.Debug|x64.Build.0 = Debug|Any CPU
		{4D7FA6B8-EE16-4762-A66B-33E6121297CF}.Debug|x86.ActiveCfg = Debug|Any CPU
		{4D7FA6B8-EE16-4762-A66B-33E6121297CF}.Debug|x86.Build.0 = Debug|Any CPU
		{4D7FA6B8-EE16-4762-A66B-33E6121297CF}.Release|Any CPU.ActiveCfg = Release|Any CPU
		{4D7FA6B8-EE16-4762-A66B-33E6121297CF}.Release|Any CPU.Build.0 = Release|Any CPU
		{4D7FA6B8-EE16-4762-A66B-33E6121297CF}.Release|x64.ActiveCfg = Release|Any CPU
		{4D7FA6B8-EE16-4762-A66B-33E6121297CF}.Release|x64.Build.0 = Release|Any CPU
		{4D7FA6B8-EE16-4762-A66B-33E6121297CF}.Release|x86.ActiveCfg = Release|Any CPU
		{4D7FA6B8-EE16-4762-A66B-33E6121297CF}.Release|x86.Build.0 = Release|Any CPU
		{87829350-403C-4953-87E2-DD8F2C018B81}.Debug|Any CPU.ActiveCfg = Debug|Any CPU
		{87829350-403C-4953-87E2-DD8F2C018B81}.Debug|Any CPU.Build.0 = Debug|Any CPU
		{87829350-403C-4953-87E2-DD8F2C018B81}.Debug|x64.ActiveCfg = Debug|Any CPU
		{87829350-403C-4953-87E2-DD8F2C018B81}.Debug|x64.Build.0 = Debug|Any CPU
		{87829350-403C-4953-87E2-DD8F2C018B81}.Debug|x86.ActiveCfg = Debug|Any CPU
		{87829350-403C-4953-87E2-DD8F2C018B81}.Debug|x86.Build.0 = Debug|Any CPU
		{87829350-403C-4953-87E2-DD8F2C018B81}.Release|Any CPU.ActiveCfg = Release|Any CPU
		{87829350-403C-4953-87E2-DD8F2C018B81}.Release|Any CPU.Build.0 = Release|Any CPU
		{87829350-403C-4953-87E2-DD8F2C018B81}.Release|x64.ActiveCfg = Release|Any CPU
		{87829350-403C-4953-87E2-DD8F2C018B81}.Release|x64.Build.0 = Release|Any CPU
		{87829350-403C-4953-87E2-DD8F2C018B81}.Release|x86.ActiveCfg = Release|Any CPU
		{87829350-403C-4953-87E2-DD8F2C018B81}.Release|x86.Build.0 = Release|Any CPU
	EndGlobalSection
EndGlobal
